
Microsoft Visual Studio Solution File, Format Version 12.00
# Visual Studio 15
VisualStudioVersion = 15.0.27130.2010
MinimumVisualStudioVersion = 10.0.40219.1
Project("{FAE04EC0-301F-11D3-BF4B-00C04F79EFBC}") = "App1.Android", "App1\App1.Android\App1.Android.csproj", "{F4BFF74E-AA5A-48C3-B321-55680F9BE188}"
EndProject
Project("{FAE04EC0-301F-11D3-BF4B-00C04F79EFBC}") = "App1.iOS", "App1\App1.iOS\App1.iOS.csproj", "{2798A4EF-EAD6-4087-90DE-F143B463EB71}"
EndProject
Project("{D954291E-2A0B-460D-934E-DC6B0785DB48}") = "App1", "App1\App1\App1.shproj", "{A3AD50DC-0B66-4E11-8182-74AC923B5109}"
EndProject
Global
	GlobalSection(SharedMSBuildProjectFiles) = preSolution
		App1\App1\App1.projitems*{2798a4ef-ead6-4087-90de-f143b463eb71}*SharedItemsImports = 4
		App1\App1\App1.projitems*{a3ad50dc-0b66-4e11-8182-74ac923b5109}*SharedItemsImports = 13
		App1\App1\App1.projitems*{f4bff74e-aa5a-48c3-b321-55680f9be188}*SharedItemsImports = 4
	EndGlobalSection
	GlobalSection(SolutionConfigurationPlatforms) = preSolution
		Ad-Hoc|Any CPU = Ad-Hoc|Any CPU
		Ad-Hoc|iPhone = Ad-Hoc|iPhone
		Ad-Hoc|iPhoneSimulator = Ad-Hoc|iPhoneSimulator
		AppStore|Any CPU = AppStore|Any CPU
		AppStore|iPhone = AppStore|iPhone
		AppStore|iPhoneSimulator = AppStore|iPhoneSimulator
		Debug|Any CPU = Debug|Any CPU
		Debug|iPhone = Debug|iPhone
		Debug|iPhoneSimulator = Debug|iPhoneSimulator
		Release|Any CPU = Release|Any CPU
		Release|iPhone = Release|iPhone
		Release|iPhoneSimulator = Release|iPhoneSimulator
	EndGlobalSection
	GlobalSection(ProjectConfigurationPlatforms) = postSolution
		{F4BFF74E-AA5A-48C3-B321-55680F9BE188}.Ad-Hoc|Any CPU.ActiveCfg = Release|Any CPU
		{F4BFF74E-AA5A-48C3-B321-55680F9BE188}.Ad-Hoc|Any CPU.Build.0 = Release|Any CPU
		{F4BFF74E-AA5A-48C3-B321-55680F9BE188}.Ad-Hoc|Any CPU.Deploy.0 = Release|Any CPU
		{F4BFF74E-AA5A-48C3-B321-55680F9BE188}.Ad-Hoc|iPhone.ActiveCfg = Release|Any CPU
		{F4BFF74E-AA5A-48C3-B321-55680F9BE188}.Ad-Hoc|iPhone.Build.0 = Release|Any CPU
		{F4BFF74E-AA5A-48C3-B321-55680F9BE188}.Ad-Hoc|iPhone.Deploy.0 = Release|Any CPU
		{F4BFF74E-AA5A-48C3-B321-55680F9BE188}.Ad-Hoc|iPhoneSimulator.ActiveCfg = Release|Any CPU
		{F4BFF74E-AA5A-48C3-B321-55680F9BE188}.Ad-Hoc|iPhoneSimulator.Build.0 = Release|Any CPU
		{F4BFF74E-AA5A-48C3-B321-55680F9BE188}.Ad-Hoc|iPhoneSimulator.Deploy.0 = Release|Any CPU
		{F4BFF74E-AA5A-48C3-B321-55680F9BE188}.AppStore|Any CPU.ActiveCfg = Release|Any CPU
		{F4BFF74E-AA5A-48C3-B321-55680F9BE188}.AppStore|Any CPU.Build.0 = Release|Any CPU
		{F4BFF74E-AA5A-48C3-B321-55680F9BE188}.AppStore|Any CPU.Deploy.0 = Release|Any CPU
		{F4BFF74E-AA5A-48C3-B321-55680F9BE188}.AppStore|iPhone.ActiveCfg = Release|Any CPU
		{F4BFF74E-AA5A-48C3-B321-55680F9BE188}.AppStore|iPhone.Build.0 = Release|Any CPU
		{F4BFF74E-AA5A-48C3-B321-55680F9BE188}.AppStore|iPhone.Deploy.0 = Release|Any CPU
		{F4BFF74E-AA5A-48C3-B321-55680F9BE188}.AppStore|iPhoneSimulator.ActiveCfg = Release|Any CPU
		{F4BFF74E-AA5A-48C3-B321-55680F9BE188}.AppStore|iPhoneSimulator.Build.0 = Release|Any CPU
		{F4BFF74E-AA5A-48C3-B321-55680F9BE188}.AppStore|iPhoneSimulator.Deploy.0 = Release|Any CPU
		{F4BFF74E-AA5A-48C3-B321-55680F9BE188}.Debug|Any CPU.ActiveCfg = Debug|Any CPU
		{F4BFF74E-AA5A-48C3-B321-55680F9BE188}.Debug|Any CPU.Build.0 = Debug|Any CPU
		{F4BFF74E-AA5A-48C3-B321-55680F9BE188}.Debug|Any CPU.Deploy.0 = Debug|Any CPU
		{F4BFF74E-AA5A-48C3-B321-55680F9BE188}.Debug|iPhone.ActiveCfg = Debug|Any CPU
		{F4BFF74E-AA5A-48C3-B321-55680F9BE188}.Debug|iPhone.Build.0 = Debug|Any CPU
		{F4BFF74E-AA5A-48C3-B321-55680F9BE188}.Debug|iPhone.Deploy.0 = Debug|Any CPU
		{F4BFF74E-AA5A-48C3-B321-55680F9BE188}.Debug|iPhoneSimulator.ActiveCfg = Debug|Any CPU
		{F4BFF74E-AA5A-48C3-B321-55680F9BE188}.Debug|iPhoneSimulator.Build.0 = Debug|Any CPU
		{F4BFF74E-AA5A-48C3-B321-55680F9BE188}.Debug|iPhoneSimulator.Deploy.0 = Debug|Any CPU
		{F4BFF74E-AA5A-48C3-B321-55680F9BE188}.Release|Any CPU.ActiveCfg = Release|Any CPU
		{F4BFF74E-AA5A-48C3-B321-55680F9BE188}.Release|Any CPU.Build.0 = Release|Any CPU
		{F4BFF74E-AA5A-48C3-B321-55680F9BE188}.Release|Any CPU.Deploy.0 = Release|Any CPU
		{F4BFF74E-AA5A-48C3-B321-55680F9BE188}.Release|iPhone.ActiveCfg = Release|Any CPU
		{F4BFF74E-AA5A-48C3-B321-55680F9BE188}.Release|iPhone.Build.0 = Release|Any CPU
		{F4BFF74E-AA5A-48C3-B321-55680F9BE188}.Release|iPhone.Deploy.0 = Release|Any CPU
		{F4BFF74E-AA5A-48C3-B321-55680F9BE188}.Release|iPhoneSimulator.ActiveCfg = Release|Any CPU
		{F4BFF74E-AA5A-48C3-B321-55680F9BE188}.Release|iPhoneSimulator.Build.0 = Release|Any CPU
		{F4BFF74E-AA5A-48C3-B321-55680F9BE188}.Release|iPhoneSimulator.Deploy.0 = Release|Any CPU
		{2798A4EF-EAD6-4087-90DE-F143B463EB71}.Ad-Hoc|Any CPU.ActiveCfg = Ad-Hoc|iPhone
		{2798A4EF-EAD6-4087-90DE-F143B463EB71}.Ad-Hoc|iPhone.ActiveCfg = Ad-Hoc|iPhone
		{2798A4EF-EAD6-4087-90DE-F143B463EB71}.Ad-Hoc|iPhone.Build.0 = Ad-Hoc|iPhone
		{2798A4EF-EAD6-4087-90DE-F143B463EB71}.Ad-Hoc|iPhoneSimulator.ActiveCfg = Ad-Hoc|iPhoneSimulator
		{2798A4EF-EAD6-4087-90DE-F143B463EB71}.Ad-Hoc|iPhoneSimulator.Build.0 = Ad-Hoc|iPhoneSimulator
		{2798A4EF-EAD6-4087-90DE-F143B463EB71}.AppStore|Any CPU.ActiveCfg = AppStore|iPhone
		{2798A4EF-EAD6-4087-90DE-F143B463EB71}.AppStore|iPhone.ActiveCfg = AppStore|iPhone
		{2798A4EF-EAD6-4087-90DE-F143B463EB71}.AppStore|iPhone.Build.0 = AppStore|iPhone
		{2798A4EF-EAD6-4087-90DE-F143B463EB71}.AppStore|iPhoneSimulator.ActiveCfg = AppStore|iPhoneSimulator
		{2798A4EF-EAD6-4087-90DE-F143B463EB71}.AppStore|iPhoneSimulator.Build.0 = AppStore|iPhoneSimulator
		{2798A4EF-EAD6-4087-90DE-F143B463EB71}.Debug|Any CPU.ActiveCfg = Debug|iPhone
		{2798A4EF-EAD6-4087-90DE-F143B463EB71}.Debug|iPhone.ActiveCfg = Debug|iPhone
		{2798A4EF-EAD6-4087-90DE-F143B463EB71}.Debug|iPhone.Build.0 = Debug|iPhone
		{2798A4EF-EAD6-4087-90DE-F143B463EB71}.Debug|iPhoneSimulator.ActiveCfg = Debug|iPhoneSimulator
		{2798A4EF-EAD6-4087-90DE-F143B463EB71}.Debug|iPhoneSimulator.Build.0 = Debug|iPhoneSimulator
		{2798A4EF-EAD6-4087-90DE-F143B463EB71}.Release|Any CPU.ActiveCfg = Release|iPhone
		{2798A4EF-EAD6-4087-90DE-F143B463EB71}.Release|iPhone.ActiveCfg = Release|iPhone
		{2798A4EF-EAD6-4087-90DE-F143B463EB71}.Release|iPhone.Build.0 = Release|iPhone
		{2798A4EF-EAD6-4087-90DE-F143B463EB71}.Release|iPhoneSimulator.ActiveCfg = Release|iPhoneSimulator
		{2798A4EF-EAD6-4087-90DE-F143B463EB71}.Release|iPhoneSimulator.Build.0 = Release|iPhoneSimulator
	EndGlobalSection
	GlobalSection(SolutionProperties) = preSolution
		HideSolutionNode = FALSE
	EndGlobalSection
	GlobalSection(ExtensibilityGlobals) = postSolution
		SolutionGuid = {DD11BE16-789A-4FC9-9AFD-83C008A50506}
	EndGlobalSection
EndGlobal
